// !$*UTF8*$!
{
	archiveVersion = 1;
	classes = {
	};
	objectVersion = 50;
	objects = {

/* Begin PBXBuildFile section */
		CCBF69CB217EA7C5006C6AAE /* AppDelegate.swift in Sources */ = {isa = PBXBuildFile; fileRef = CCBF69CA217EA7C5006C6AAE /* AppDelegate.swift */; };
		CCBF69CD217EA7C5006C6AAE /* ViewController.swift in Sources */ = {isa = PBXBuildFile; fileRef = CCBF69CC217EA7C5006C6AAE /* ViewController.swift */; };
		CCBF69D0217EA7C5006C6AAE /* Main.storyboard in Resources */ = {isa = PBXBuildFile; fileRef = CCBF69CE217EA7C5006C6AAE /* Main.storyboard */; };
		CCBF69D2217EA7C6006C6AAE /* Assets.xcassets in Resources */ = {isa = PBXBuildFile; fileRef = CCBF69D1217EA7C6006C6AAE /* Assets.xcassets */; };
		CCBF69D5217EA7C6006C6AAE /* LaunchScreen.storyboard in Resources */ = {isa = PBXBuildFile; fileRef = CCBF69D3217EA7C6006C6AAE /* LaunchScreen.storyboard */; };
		CCBF69E0217EA7C6006C6AAE /* sticky_sessions_iosTests.swift in Sources */ = {isa = PBXBuildFile; fileRef = CCBF69DF217EA7C6006C6AAE /* sticky_sessions_iosTests.swift */; };
		CCBF69EB217EA7C6006C6AAE /* sticky_sessions_iosUITests.swift in Sources */ = {isa = PBXBuildFile; fileRef = CCBF69EA217EA7C6006C6AAE /* sticky_sessions_iosUITests.swift */; };
/* End PBXBuildFile section */

/* Begin PBXContainerItemProxy section */
		CCBF69DC217EA7C6006C6AAE /* PBXContainerItemProxy */ = {
			isa = PBXContainerItemProxy;
			containerPortal = CCBF69BF217EA7C4006C6AAE /* Project object */;
			proxyType = 1;
			remoteGlobalIDString = CCBF69C6217EA7C4006C6AAE;
			remoteInfo = "sticky-sessions-ios";
		};
		CCBF69E7217EA7C6006C6AAE /* PBXContainerItemProxy */ = {
			isa = PBXContainerItemProxy;
			containerPortal = CCBF69BF217EA7C4006C6AAE /* Project object */;
			proxyType = 1;
			remoteGlobalIDString = CCBF69C6217EA7C4006C6AAE;
			remoteInfo = "sticky-sessions-ios";
		};
/* End PBXContainerItemProxy section */

/* Begin PBXFileReference section */
		CCBF69C7217EA7C5006C6AAE /* sticky-sessions-ios.app */ = {isa = PBXFileReference; explicitFileType = wrapper.application; includeInIndex = 0; path = "sticky-sessions-ios.app"; sourceTree = BUILT_PRODUCTS_DIR; };
		CCBF69CA217EA7C5006C6AAE /* AppDelegate.swift */ = {isa = PBXFileReference; lastKnownFileType = sourcecode.swift; path = AppDelegate.swift; sourceTree = "<group>"; };
		CCBF69CC217EA7C5006C6AAE /* ViewController.swift */ = {isa = PBXFileReference; lastKnownFileType = sourcecode.swift; path = ViewController.swift; sourceTree = "<group>"; };
		CCBF69CF217EA7C5006C6AAE /* Base */ = {isa = PBXFileReference; lastKnownFileType = file.storyboard; name = Base; path = Base.lproj/Main.storyboard; sourceTree = "<group>"; };
		CCBF69D1217EA7C6006C6AAE /* Assets.xcassets */ = {isa = PBXFileReference; lastKnownFileType = folder.assetcatalog; path = Assets.xcassets; sourceTree = "<group>"; };
		CCBF69D4217EA7C6006C6AAE /* Base */ = {isa = PBXFileReference; lastKnownFileType = file.storyboard; name = Base; path = Base.lproj/LaunchScreen.storyboard; sourceTree = "<group>"; };
		CCBF69D6217EA7C6006C6AAE /* Info.plist */ = {isa = PBXFileReference; lastKnownFileType = text.plist.xml; path = Info.plist; sourceTree = "<group>"; };
		CCBF69DB217EA7C6006C6AAE /* sticky-sessions-iosTests.xctest */ = {isa = PBXFileReference; explicitFileType = wrapper.cfbundle; includeInIndex = 0; path = "sticky-sessions-iosTests.xctest"; sourceTree = BUILT_PRODUCTS_DIR; };
		CCBF69DF217EA7C6006C6AAE /* sticky_sessions_iosTests.swift */ = {isa = PBXFileReference; lastKnownFileType = sourcecode.swift; path = sticky_sessions_iosTests.swift; sourceTree = "<group>"; };
		CCBF69E1217EA7C6006C6AAE /* Info.plist */ = {isa = PBXFileReference; lastKnownFileType = text.plist.xml; path = Info.plist; sourceTree = "<group>"; };
		CCBF69E6217EA7C6006C6AAE /* sticky-sessions-iosUITests.xctest */ = {isa = PBXFileReference; explicitFileType = wrapper.cfbundle; includeInIndex = 0; path = "sticky-sessions-iosUITests.xctest"; sourceTree = BUILT_PRODUCTS_DIR; };
		CCBF69EA217EA7C6006C6AAE /* sticky_sessions_iosUITests.swift */ = {isa = PBXFileReference; lastKnownFileType = sourcecode.swift; path = sticky_sessions_iosUITests.swift; sourceTree = "<group>"; };
		CCBF69EC217EA7C6006C6AAE /* Info.plist */ = {isa = PBXFileReference; lastKnownFileType = text.plist.xml; path = Info.plist; sourceTree = "<group>"; };
/* End PBXFileReference section */

/* Begin PBXFrameworksBuildPhase section */
		CCBF69C4217EA7C4006C6AAE /* Frameworks */ = {
			isa = PBXFrameworksBuildPhase;
			buildActionMask = 2147483647;
			files = (
			);
			runOnlyForDeploymentPostprocessing = 0;
		};
		CCBF69D8217EA7C6006C6AAE /* Frameworks */ = {
			isa = PBXFrameworksBuildPhase;
			buildActionMask = 2147483647;
			files = (
			);
			runOnlyForDeploymentPostprocessing = 0;
		};
		CCBF69E3217EA7C6006C6AAE /* Frameworks */ = {
			isa = PBXFrameworksBuildPhase;
			buildActionMask = 2147483647;
			files = (
			);
			runOnlyForDeploymentPostprocessing = 0;
		};
/* End PBXFrameworksBuildPhase section */

/* Begin PBXGroup section */
		CCBF69BE217EA7C4006C6AAE = {
			isa = PBXGroup;
			children = (
				CCBF69C9217EA7C5006C6AAE /* sticky-sessions-ios */,
				CCBF69DE217EA7C6006C6AAE /* sticky-sessions-iosTests */,
				CCBF69E9217EA7C6006C6AAE /* sticky-sessions-iosUITests */,
				CCBF69C8217EA7C5006C6AAE /* Products */,
			);
			sourceTree = "<group>";
		};
		CCBF69C8217EA7C5006C6AAE /* Products */ = {
			isa = PBXGroup;
			children = (
				CCBF69C7217EA7C5006C6AAE /* sticky-sessions-ios.app */,
				CCBF69DB217EA7C6006C6AAE /* sticky-sessions-iosTests.xctest */,
				CCBF69E6217EA7C6006C6AAE /* sticky-sessions-iosUITests.xctest */,
			);
			name = Products;
			sourceTree = "<group>";
		};
		CCBF69C9217EA7C5006C6AAE /* sticky-sessions-ios */ = {
			isa = PBXGroup;
			children = (
				CCBF69CA217EA7C5006C6AAE /* AppDelegate.swift */,
				CCBF69CC217EA7C5006C6AAE /* ViewController.swift */,
				CCBF69CE217EA7C5006C6AAE /* Main.storyboard */,
				CCBF69D1217EA7C6006C6AAE /* Assets.xcassets */,
				CCBF69D3217EA7C6006C6AAE /* LaunchScreen.storyboard */,
				CCBF69D6217EA7C6006C6AAE /* Info.plist */,
			);
			path = "sticky-sessions-ios";
			sourceTree = "<group>";
		};
		CCBF69DE217EA7C6006C6AAE /* sticky-sessions-iosTests */ = {
			isa = PBXGroup;
			children = (
				CCBF69DF217EA7C6006C6AAE /* sticky_sessions_iosTests.swift */,
				CCBF69E1217EA7C6006C6AAE /* Info.plist */,
			);
			path = "sticky-sessions-iosTests";
			sourceTree = "<group>";
		};
		CCBF69E9217EA7C6006C6AAE /* sticky-sessions-iosUITests */ = {
			isa = PBXGroup;
			children = (
				CCBF69EA217EA7C6006C6AAE /* sticky_sessions_iosUITests.swift */,
				CCBF69EC217EA7C6006C6AAE /* Info.plist */,
			);
			path = "sticky-sessions-iosUITests";
			sourceTree = "<group>";
		};
/* End PBXGroup section */

/* Begin PBXNativeTarget section */
		CCBF69C6217EA7C4006C6AAE /* sticky-sessions-ios */ = {
			isa = PBXNativeTarget;
			buildConfigurationList = CCBF69EF217EA7C6006C6AAE /* Build configuration list for PBXNativeTarget "sticky-sessions-ios" */;
			buildPhases = (
				CCBF69C3217EA7C4006C6AAE /* Sources */,
				CCBF69C4217EA7C4006C6AAE /* Frameworks */,
				CCBF69C5217EA7C4006C6AAE /* Resources */,
			);
			buildRules = (
			);
			dependencies = (
			);
			name = "sticky-sessions-ios";
			productName = "sticky-sessions-ios";
			productReference = CCBF69C7217EA7C5006C6AAE /* sticky-sessions-ios.app */;
			productType = "com.apple.product-type.application";
		};
		CCBF69DA217EA7C6006C6AAE /* sticky-sessions-iosTests */ = {
			isa = PBXNativeTarget;
			buildConfigurationList = CCBF69F2217EA7C6006C6AAE /* Build configuration list for PBXNativeTarget "sticky-sessions-iosTests" */;
			buildPhases = (
				CCBF69D7217EA7C6006C6AAE /* Sources */,
				CCBF69D8217EA7C6006C6AAE /* Frameworks */,
				CCBF69D9217EA7C6006C6AAE /* Resources */,
			);
			buildRules = (
			);
			dependencies = (
				CCBF69DD217EA7C6006C6AAE /* PBXTargetDependency */,
			);
			name = "sticky-sessions-iosTests";
			productName = "sticky-sessions-iosTests";
			productReference = CCBF69DB217EA7C6006C6AAE /* sticky-sessions-iosTests.xctest */;
			productType = "com.apple.product-type.bundle.unit-test";
		};
		CCBF69E5217EA7C6006C6AAE /* sticky-sessions-iosUITests */ = {
			isa = PBXNativeTarget;
			buildConfigurationList = CCBF69F5217EA7C6006C6AAE /* Build configuration list for PBXNativeTarget "sticky-sessions-iosUITests" */;
			buildPhases = (
				CCBF69E2217EA7C6006C6AAE /* Sources */,
				CCBF69E3217EA7C6006C6AAE /* Frameworks */,
				CCBF69E4217EA7C6006C6AAE /* Resources */,
			);
			buildRules = (
			);
			dependencies = (
				CCBF69E8217EA7C6006C6AAE /* PBXTargetDependency */,
			);
			name = "sticky-sessions-iosUITests";
			productName = "sticky-sessions-iosUITests";
			productReference = CCBF69E6217EA7C6006C6AAE /* sticky-sessions-iosUITests.xctest */;
			productType = "com.apple.product-type.bundle.ui-testing";
		};
/* End PBXNativeTarget section */

/* Begin PBXProject section */
		CCBF69BF217EA7C4006C6AAE /* Project object */ = {
			isa = PBXProject;
			attributes = {
				LastSwiftUpdateCheck = 1000;
				LastUpgradeCheck = 1000;
				ORGANIZATIONNAME = DiscordTime;
				TargetAttributes = {
					CCBF69C6217EA7C4006C6AAE = {
						CreatedOnToolsVersion = 10.0;
					};
					CCBF69DA217EA7C6006C6AAE = {
						CreatedOnToolsVersion = 10.0;
						TestTargetID = CCBF69C6217EA7C4006C6AAE;
					};
					CCBF69E5217EA7C6006C6AAE = {
						CreatedOnToolsVersion = 10.0;
						TestTargetID = CCBF69C6217EA7C4006C6AAE;
					};
				};
			};
			buildConfigurationList = CCBF69C2217EA7C4006C6AAE /* Build configuration list for PBXProject "sticky-sessions-ios" */;
			compatibilityVersion = "Xcode 9.3";
			developmentRegion = en;
			hasScannedForEncodings = 0;
			knownRegions = (
				en,
				Base,
			);
			mainGroup = CCBF69BE217EA7C4006C6AAE;
			productRefGroup = CCBF69C8217EA7C5006C6AAE /* Products */;
			projectDirPath = "";
			projectRoot = "";
			targets = (
				CCBF69C6217EA7C4006C6AAE /* sticky-sessions-ios */,
				CCBF69DA217EA7C6006C6AAE /* sticky-sessions-iosTests */,
				CCBF69E5217EA7C6006C6AAE /* sticky-sessions-iosUITests */,
			);
		};
/* End PBXProject section */

/* Begin PBXResourcesBuildPhase section */
		CCBF69C5217EA7C4006C6AAE /* Resources */ = {
			isa = PBXResourcesBuildPhase;
			buildActionMask = 2147483647;
			files = (
				CCBF69D5217EA7C6006C6AAE /* LaunchScreen.storyboard in Resources */,
				CCBF69D2217EA7C6006C6AAE /* Assets.xcassets in Resources */,
				CCBF69D0217EA7C5006C6AAE /* Main.storyboard in Resources */,
			);
			runOnlyForDeploymentPostprocessing = 0;
		};
		CCBF69D9217EA7C6006C6AAE /* Resources */ = {
			isa = PBXResourcesBuildPhase;
			buildActionMask = 2147483647;
			files = (
			);
			runOnlyForDeploymentPostprocessing = 0;
		};
		CCBF69E4217EA7C6006C6AAE /* Resources */ = {
			isa = PBXResourcesBuildPhase;
			buildActionMask = 2147483647;
			files = (
			);
			runOnlyForDeploymentPostprocessing = 0;
		};
/* End PBXResourcesBuildPhase section */

/* Begin PBXSourcesBuildPhase section */
		CCBF69C3217EA7C4006C6AAE /* Sources */ = {
			isa = PBXSourcesBuildPhase;
			buildActionMask = 2147483647;
			files = (
				CCBF69CD217EA7C5006C6AAE /* ViewController.swift in Sources */,
				CCBF69CB217EA7C5006C6AAE /* AppDelegate.swift in Sources */,
			);
			runOnlyForDeploymentPostprocessing = 0;
		};
		CCBF69D7217EA7C6006C6AAE /* Sources */ = {
			isa = PBXSourcesBuildPhase;
			buildActionMask = 2147483647;
			files = (
				CCBF69E0217EA7C6006C6AAE /* sticky_sessions_iosTests.swift in Sources */,
			);
			runOnlyForDeploymentPostprocessing = 0;
		};
		CCBF69E2217EA7C6006C6AAE /* Sources */ = {
			isa = PBXSourcesBuildPhase;
			buildActionMask = 2147483647;
			files = (
				CCBF69EB217EA7C6006C6AAE /* sticky_sessions_iosUITests.swift in Sources */,
			);
			runOnlyForDeploymentPostprocessing = 0;
		};
/* End PBXSourcesBuildPhase section */

/* Begin PBXTargetDependency section */
		CCBF69DD217EA7C6006C6AAE /* PBXTargetDependency */ = {
			isa = PBXTargetDependency;
			target = CCBF69C6217EA7C4006C6AAE /* sticky-sessions-ios */;
			targetProxy = CCBF69DC217EA7C6006C6AAE /* PBXContainerItemProxy */;
		};
		CCBF69E8217EA7C6006C6AAE /* PBXTargetDependency */ = {
			isa = PBXTargetDependency;
			target = CCBF69C6217EA7C4006C6AAE /* sticky-sessions-ios */;
			targetProxy = CCBF69E7217EA7C6006C6AAE /* PBXContainerItemProxy */;
		};
/* End PBXTargetDependency section */

/* Begin PBXVariantGroup section */
		CCBF69CE217EA7C5006C6AAE /* Main.storyboard */ = {
			isa = PBXVariantGroup;
			children = (
				CCBF69CF217EA7C5006C6AAE /* Base */,
			);
			name = Main.storyboard;
			sourceTree = "<group>";
		};
		CCBF69D3217EA7C6006C6AAE /* LaunchScreen.storyboard */ = {
			isa = PBXVariantGroup;
			children = (
				CCBF69D4217EA7C6006C6AAE /* Base */,
			);
			name = LaunchScreen.storyboard;
			sourceTree = "<group>";
		};
/* End PBXVariantGroup section */

/* Begin XCBuildConfiguration section */
		CCBF69ED217EA7C6006C6AAE /* Debug */ = {
			isa = XCBuildConfiguration;
			buildSettings = {
				ALWAYS_SEARCH_USER_PATHS = NO;
				CLANG_ANALYZER_NONNULL = YES;
				CLANG_ANALYZER_NUMBER_OBJECT_CONVERSION = YES_AGGRESSIVE;
				CLANG_CXX_LANGUAGE_STANDARD = "gnu++14";
				CLANG_CXX_LIBRARY = "libc++";
				CLANG_ENABLE_MODULES = YES;
				CLANG_ENABLE_OBJC_ARC = YES;
				CLANG_ENABLE_OBJC_WEAK = YES;
				CLANG_WARN_BLOCK_CAPTURE_AUTORELEASING = YES;
				CLANG_WARN_BOOL_CONVERSION = YES;
				CLANG_WARN_COMMA = YES;
				CLANG_WARN_CONSTANT_CONVERSION = YES;
				CLANG_WARN_DEPRECATED_OBJC_IMPLEMENTATIONS = YES;
				CLANG_WARN_DIRECT_OBJC_ISA_USAGE = YES_ERROR;
				CLANG_WARN_DOCUMENTATION_COMMENTS = YES;
				CLANG_WARN_EMPTY_BODY = YES;
				CLANG_WARN_ENUM_CONVERSION = YES;
				CLANG_WARN_INFINITE_RECURSION = YES;
				CLANG_WARN_INT_CONVERSION = YES;
				CLANG_WARN_NON_LITERAL_NULL_CONVERSION = YES;
				CLANG_WARN_OBJC_IMPLICIT_RETAIN_SELF = YES;
				CLANG_WARN_OBJC_LITERAL_CONVERSION = YES;
				CLANG_WARN_OBJC_ROOT_CLASS = YES_ERROR;
				CLANG_WARN_RANGE_LOOP_ANALYSIS = YES;
				CLANG_WARN_STRICT_PROTOTYPES = YES;
				CLANG_WARN_SUSPICIOUS_MOVE = YES;
				CLANG_WARN_UNGUARDED_AVAILABILITY = YES_AGGRESSIVE;
				CLANG_WARN_UNREACHABLE_CODE = YES;
				CLANG_WARN__DUPLICATE_METHOD_MATCH = YES;
				CODE_SIGN_IDENTITY = "iPhone Developer";
				COPY_PHASE_STRIP = NO;
				DEBUG_INFORMATION_FORMAT = dwarf;
				ENABLE_STRICT_OBJC_MSGSEND = YES;
				ENABLE_TESTABILITY = YES;
				GCC_C_LANGUAGE_STANDARD = gnu11;
				GCC_DYNAMIC_NO_PIC = NO;
				GCC_NO_COMMON_BLOCKS = YES;
				GCC_OPTIMIZATION_LEVEL = 0;
				GCC_PREPROCESSOR_DEFINITIONS = (
					"DEBUG=1",
					"$(inherited)",
				);
				GCC_WARN_64_TO_32_BIT_CONVERSION = YES;
				GCC_WARN_ABOUT_RETURN_TYPE = YES_ERROR;
				GCC_WARN_UNDECLARED_SELECTOR = YES;
				GCC_WARN_UNINITIALIZED_AUTOS = YES_AGGRESSIVE;
				GCC_WARN_UNUSED_FUNCTION = YES;
				GCC_WARN_UNUSED_VARIABLE = YES;
				IPHONEOS_DEPLOYMENT_TARGET = 12.0;
				MTL_ENABLE_DEBUG_INFO = INCLUDE_SOURCE;
				MTL_FAST_MATH = YES;
				ONLY_ACTIVE_ARCH = YES;
				SDKROOT = iphoneos;
				SWIFT_ACTIVE_COMPILATION_CONDITIONS = DEBUG;
				SWIFT_OPTIMIZATION_LEVEL = "-Onone";
			};
			name = Debug;
		};
		CCBF69EE217EA7C6006C6AAE /* Release */ = {
			isa = XCBuildConfiguration;
			buildSettings = {
				ALWAYS_SEARCH_USER_PATHS = NO;
				CLANG_ANALYZER_NONNULL = YES;
				CLANG_ANALYZER_NUMBER_OBJECT_CONVERSION = YES_AGGRESSIVE;
				CLANG_CXX_LANGUAGE_STANDARD = "gnu++14";
				CLANG_CXX_LIBRARY = "libc++";
				CLANG_ENABLE_MODULES = YES;
				CLANG_ENABLE_OBJC_ARC = YES;
				CLANG_ENABLE_OBJC_WEAK = YES;
				CLANG_WARN_BLOCK_CAPTURE_AUTORELEASING = YES;
				CLANG_WARN_BOOL_CONVERSION = YES;
				CLANG_WARN_COMMA = YES;
				CLANG_WARN_CONSTANT_CONVERSION = YES;
				CLANG_WARN_DEPRECATED_OBJC_IMPLEMENTATIONS = YES;
				CLANG_WARN_DIRECT_OBJC_ISA_USAGE = YES_ERROR;
				CLANG_WARN_DOCUMENTATION_COMMENTS = YES;
				CLANG_WARN_EMPTY_BODY = YES;
				CLANG_WARN_ENUM_CONVERSION = YES;
				CLANG_WARN_INFINITE_RECURSION = YES;
				CLANG_WARN_INT_CONVERSION = YES;
				CLANG_WARN_NON_LITERAL_NULL_CONVERSION = YES;
				CLANG_WARN_OBJC_IMPLICIT_RETAIN_SELF = YES;
				CLANG_WARN_OBJC_LITERAL_CONVERSION = YES;
				CLANG_WARN_OBJC_ROOT_CLASS = YES_ERROR;
				CLANG_WARN_RANGE_LOOP_ANALYSIS = YES;
				CLANG_WARN_STRICT_PROTOTYPES = YES;
				CLANG_WARN_SUSPICIOUS_MOVE = YES;
				CLANG_WARN_UNGUARDED_AVAILABILITY = YES_AGGRESSIVE;
				CLANG_WARN_UNREACHABLE_CODE = YES;
				CLANG_WARN__DUPLICATE_METHOD_MATCH = YES;
				CODE_SIGN_IDENTITY = "iPhone Developer";
				COPY_PHASE_STRIP = NO;
				DEBUG_INFORMATION_FORMAT = "dwarf-with-dsym";
				ENABLE_NS_ASSERTIONS = NO;
				ENABLE_STRICT_OBJC_MSGSEND = YES;
				GCC_C_LANGUAGE_STANDARD = gnu11;
				GCC_NO_COMMON_BLOCKS = YES;
				GCC_WARN_64_TO_32_BIT_CONVERSION = YES;
				GCC_WARN_ABOUT_RETURN_TYPE = YES_ERROR;
				GCC_WARN_UNDECLARED_SELECTOR = YES;
				GCC_WARN_UNINITIALIZED_AUTOS = YES_AGGRESSIVE;
				GCC_WARN_UNUSED_FUNCTION = YES;
				GCC_WARN_UNUSED_VARIABLE = YES;
				IPHONEOS_DEPLOYMENT_TARGET = 12.0;
				MTL_ENABLE_DEBUG_INFO = NO;
				MTL_FAST_MATH = YES;
				SDKROOT = iphoneos;
				SWIFT_COMPILATION_MODE = wholemodule;
				SWIFT_OPTIMIZATION_LEVEL = "-O";
				VALIDATE_PRODUCT = YES;
			};
			name = Release;
		};
		CCBF69F0217EA7C6006C6AAE /* Debug */ = {
			isa = XCBuildConfiguration;
			buildSettings = {
				ASSETCATALOG_COMPILER_APPICON_NAME = AppIcon;
				CODE_SIGN_STYLE = Automatic;
				INFOPLIST_FILE = "sticky-sessions-ios/Info.plist";
				LD_RUNPATH_SEARCH_PATHS = (
					"$(inherited)",
					"@executable_path/Frameworks",
				);
				PRODUCT_BUNDLE_IDENTIFIER = "com.discordtime.sticky-sessions-ios";
				PRODUCT_NAME = "$(TARGET_NAME)";
				SWIFT_VERSION = 4.2;
				TARGETED_DEVICE_FAMILY = "1,2";
			};
			name = Debug;
		};
		CCBF69F1217EA7C6006C6AAE /* Release */ = {
			isa = XCBuildConfiguration;
			buildSettings = {
				ASSETCATALOG_COMPILER_APPICON_NAME = AppIcon;
				CODE_SIGN_STYLE = Automatic;
				INFOPLIST_FILE = "sticky-sessions-ios/Info.plist";
				LD_RUNPATH_SEARCH_PATHS = (
					"$(inherited)",
					"@executable_path/Frameworks",
				);
				PRODUCT_BUNDLE_IDENTIFIER = "com.discordtime.sticky-sessions-ios";
				PRODUCT_NAME = "$(TARGET_NAME)";
				SWIFT_VERSION = 4.2;
				TARGETED_DEVICE_FAMILY = "1,2";
			};
			name = Release;
		};
		CCBF69F3217EA7C6006C6AAE /* Debug */ = {
			isa = XCBuildConfiguration;
			buildSettings = {
				ALWAYS_EMBED_SWIFT_STANDARD_LIBRARIES = YES;
				BUNDLE_LOADER = "$(TEST_HOST)";
				CODE_SIGN_STYLE = Automatic;
				INFOPLIST_FILE = "sticky-sessions-iosTests/Info.plist";
				LD_RUNPATH_SEARCH_PATHS = (
					"$(inherited)",
					"@executable_path/Frameworks",
					"@loader_path/Frameworks",
				);
				PRODUCT_BUNDLE_IDENTIFIER = "com.discordtime.sticky-sessions-iosTests";
				PRODUCT_NAME = "$(TARGET_NAME)";
				SWIFT_VERSION = 4.2;
				TARGETED_DEVICE_FAMILY = "1,2";
				TEST_HOST = "$(BUILT_PRODUCTS_DIR)/sticky-sessions-ios.app/sticky-sessions-ios";
			};
			name = Debug;
		};
		CCBF69F4217EA7C6006C6AAE /* Release */ = {
			isa = XCBuildConfiguration;
			buildSettings = {
				ALWAYS_EMBED_SWIFT_STANDARD_LIBRARIES = YES;
				BUNDLE_LOADER = "$(TEST_HOST)";
				CODE_SIGN_STYLE = Automatic;
				INFOPLIST_FILE = "sticky-sessions-iosTests/Info.plist";
				LD_RUNPATH_SEARCH_PATHS = (
					"$(inherited)",
					"@executable_path/Frameworks",
					"@loader_path/Frameworks",
				);
				PRODUCT_BUNDLE_IDENTIFIER = "com.discordtime.sticky-sessions-iosTests";
				PRODUCT_NAME = "$(TARGET_NAME)";
				SWIFT_VERSION = 4.2;
				TARGETED_DEVICE_FAMILY = "1,2";
				TEST_HOST = "$(BUILT_PRODUCTS_DIR)/sticky-sessions-ios.app/sticky-sessions-ios";
			};
			name = Release;
		};
		CCBF69F6217EA7C6006C6AAE /* Debug */ = {
			isa = XCBuildConfiguration;
			buildSettings = {
				ALWAYS_EMBED_SWIFT_STANDARD_LIBRARIES = YES;
				CODE_SIGN_STYLE = Automatic;
				INFOPLIST_FILE = "sticky-sessions-iosUITests/Info.plist";
				LD_RUNPATH_SEARCH_PATHS = (
					"$(inherited)",
					"@executable_path/Frameworks",
					"@loader_path/Frameworks",
				);
				PRODUCT_BUNDLE_IDENTIFIER = "com.discordtime.sticky-sessions-iosUITests";
				PRODUCT_NAME = "$(TARGET_NAME)";
				SWIFT_VERSION = 4.2;
				TARGETED_DEVICE_FAMILY = "1,2";
				TEST_TARGET_NAME = "sticky-sessions-ios";
			};
			name = Debug;
		};
		CCBF69F7217EA7C6006C6AAE /* Release */ = {
			isa = XCBuildConfiguration;
			buildSettings = {
				ALWAYS_EMBED_SWIFT_STANDARD_LIBRARIES = YES;
				CODE_SIGN_STYLE = Automatic;
				INFOPLIST_FILE = "sticky-sessions-iosUITests/Info.plist";
				LD_RUNPATH_SEARCH_PATHS = (
					"$(inherited)",
					"@executable_path/Frameworks",
					"@loader_path/Frameworks",
				);
				PRODUCT_BUNDLE_IDENTIFIER = "com.discordtime.sticky-sessions-iosUITests";
				PRODUCT_NAME = "$(TARGET_NAME)";
				SWIFT_VERSION = 4.2;
				TARGETED_DEVICE_FAMILY = "1,2";
				TEST_TARGET_NAME = "sticky-sessions-ios";
			};
			name = Release;
		};
/* End XCBuildConfiguration section */

/* Begin XCConfigurationList section */
		CCBF69C2217EA7C4006C6AAE /* Build configuration list for PBXProject "sticky-sessions-ios" */ = {
			isa = XCConfigurationList;
			buildConfigurations = (
				CCBF69ED217EA7C6006C6AAE /* Debug */,
				CCBF69EE217EA7C6006C6AAE /* Release */,
			);
			defaultConfigurationIsVisible = 0;
			defaultConfigurationName = Release;
		};
		CCBF69EF217EA7C6006C6AAE /* Build configuration list for PBXNativeTarget "sticky-sessions-ios" */ = {
			isa = XCConfigurationList;
			buildConfigurations = (
				CCBF69F0217EA7C6006C6AAE /* Debug */,
				CCBF69F1217EA7C6006C6AAE /* Release */,
			);
			defaultConfigurationIsVisible = 0;
			defaultConfigurationName = Release;
		};
		CCBF69F2217EA7C6006C6AAE /* Build configuration list for PBXNativeTarget "sticky-sessions-iosTests" */ = {
			isa = XCConfigurationList;
			buildConfigurations = (
				CCBF69F3217EA7C6006C6AAE /* Debug */,
				CCBF69F4217EA7C6006C6AAE /* Release */,
			);
			defaultConfigurationIsVisible = 0;
			defaultConfigurationName = Release;
		};
		CCBF69F5217EA7C6006C6AAE /* Build configuration list for PBXNativeTarget "sticky-sessions-iosUITests" */ = {
			isa = XCConfigurationList;
			buildConfigurations = (
				CCBF69F6217EA7C6006C6AAE /* Debug */,
				CCBF69F7217EA7C6006C6AAE /* Release */,
			);
			defaultConfigurationIsVisible = 0;
			defaultConfigurationName = Release;
		};
/* End XCConfigurationList section */
	};
	rootObject = CCBF69BF217EA7C4006C6AAE /* Project object */;
}
