// !$*UTF8*$!
{
	archiveVersion = 1;
	classes = {
	};
	objectVersion = 50;
	objects = {

/* Begin PBXBuildFile section */
		240CC8F321AF20E4006D931C /* Main.storyboard in Resources */ = {isa = PBXBuildFile; fileRef = 240CC8F221AF20E4006D931C /* Main.storyboard */; };
		240CC8F821AF2A99006D931C /* Router.swift in Sources */ = {isa = PBXBuildFile; fileRef = 240CC8F721AF2A99006D931C /* Router.swift */; };
		240CC8FA21AF2AEE006D931C /* RouterRepositoryProtocol.swift in Sources */ = {isa = PBXBuildFile; fileRef = 240CC8F921AF2AEE006D931C /* RouterRepositoryProtocol.swift */; };
		240CC8FC21AF2B9C006D931C /* Route.swift in Sources */ = {isa = PBXBuildFile; fileRef = 240CC8FB21AF2B9C006D931C /* Route.swift */; };
		240CC8FE21AF2C3F006D931C /* RouterRepository.swift in Sources */ = {isa = PBXBuildFile; fileRef = 240CC8FD21AF2C3F006D931C /* RouterRepository.swift */; };
		240CC90021AF2D47006D931C /* ViewStarter.swift in Sources */ = {isa = PBXBuildFile; fileRef = 240CC8FF21AF2D47006D931C /* ViewStarter.swift */; };
		240CC90321AF3104006D931C /* ViewStarterProtocol.swift in Sources */ = {isa = PBXBuildFile; fileRef = 240CC90221AF3104006D931C /* ViewStarterProtocol.swift */; };
		2485373721B6FA1000B1A213 /* SessionCell.swift in Sources */ = {isa = PBXBuildFile; fileRef = 2485373621B6FA1000B1A213 /* SessionCell.swift */; };
		2485373A21B6FB3700B1A213 /* SessionViewModel.swift in Sources */ = {isa = PBXBuildFile; fileRef = 2485373921B6FB3700B1A213 /* SessionViewModel.swift */; };
		2485373D21B6FBA500B1A213 /* Session.swift in Sources */ = {isa = PBXBuildFile; fileRef = 2485373C21B6FBA500B1A213 /* Session.swift */; };
		2488F0EE21B8372700E1BC69 /* RequestProtocol.swift in Sources */ = {isa = PBXBuildFile; fileRef = 2488F0ED21B8372600E1BC69 /* RequestProtocol.swift */; };
		2488F0F021B8386A00E1BC69 /* AlamofireRequest.swift in Sources */ = {isa = PBXBuildFile; fileRef = 2488F0EF21B8386A00E1BC69 /* AlamofireRequest.swift */; };
		794B4436DE3FE06CF5C777C1 /* Pods_sticky_sessions_iosTests.framework in Frameworks */ = {isa = PBXBuildFile; fileRef = 9041692A57EA8FC7AF095709 /* Pods_sticky_sessions_iosTests.framework */; };
		9F760FA8D5F4CFEEA7925562 /* Pods_sticky_sessions_ios.framework in Frameworks */ = {isa = PBXBuildFile; fileRef = 092451D75A10F3B9A04C117C /* Pods_sticky_sessions_ios.framework */; };
		CC24EC3021AB2E5D00B7B8BC /* RouterProtocol.swift in Sources */ = {isa = PBXBuildFile; fileRef = CC24EC2F21AB2E5D00B7B8BC /* RouterProtocol.swift */; };
		CC24EC3921AB3A1800B7B8BC /* ListSessionsViewController.swift in Sources */ = {isa = PBXBuildFile; fileRef = CC24EC3821AB3A1800B7B8BC /* ListSessionsViewController.swift */; };
		CC24EC3B21AB3A5400B7B8BC /* ListSessions.storyboard in Resources */ = {isa = PBXBuildFile; fileRef = CC24EC3A21AB3A5400B7B8BC /* ListSessions.storyboard */; };
		CCABD07021AA258200740E3B /* Home.storyboard in Resources */ = {isa = PBXBuildFile; fileRef = CCABD06F21AA258200740E3B /* Home.storyboard */; };
		CCBF69CB217EA7C5006C6AAE /* AppDelegate.swift in Sources */ = {isa = PBXBuildFile; fileRef = CCBF69CA217EA7C5006C6AAE /* AppDelegate.swift */; };
		CCBF69CD217EA7C5006C6AAE /* HomeViewController.swift in Sources */ = {isa = PBXBuildFile; fileRef = CCBF69CC217EA7C5006C6AAE /* HomeViewController.swift */; };
		CCBF69D2217EA7C6006C6AAE /* Assets.xcassets in Resources */ = {isa = PBXBuildFile; fileRef = CCBF69D1217EA7C6006C6AAE /* Assets.xcassets */; };
		CCBF69D5217EA7C6006C6AAE /* LaunchScreen.storyboard in Resources */ = {isa = PBXBuildFile; fileRef = CCBF69D3217EA7C6006C6AAE /* LaunchScreen.storyboard */; };
		CCBF69E0217EA7C6006C6AAE /* sticky_sessions_iosTests.swift in Sources */ = {isa = PBXBuildFile; fileRef = CCBF69DF217EA7C6006C6AAE /* sticky_sessions_iosTests.swift */; };
		CCBF69EB217EA7C6006C6AAE /* sticky_sessions_iosUITests.swift in Sources */ = {isa = PBXBuildFile; fileRef = CCBF69EA217EA7C6006C6AAE /* sticky_sessions_iosUITests.swift */; };
		CCCA6DAB219E18F20076AAFA /* SessionTypeViewModel.swift in Sources */ = {isa = PBXBuildFile; fileRef = CCCA6DAA219E18F20076AAFA /* SessionTypeViewModel.swift */; };
		CCCA6DAD219E1ADD0076AAFA /* SessionType.swift in Sources */ = {isa = PBXBuildFile; fileRef = CCCA6DAC219E1ADD0076AAFA /* SessionType.swift */; };
		CCE4BB9A219F3B7900D8B500 /* SessionTypeCell.swift in Sources */ = {isa = PBXBuildFile; fileRef = CCE4BB99219F3B7900D8B500 /* SessionTypeCell.swift */; };
		E96293A32506199C400B98BA /* Pods_sticky_sessions_iosUITests.framework in Frameworks */ = {isa = PBXBuildFile; fileRef = 5E93415B0382387E368A4675 /* Pods_sticky_sessions_iosUITests.framework */; };
/* End PBXBuildFile section */

/* Begin PBXContainerItemProxy section */
		CCBF69DC217EA7C6006C6AAE /* PBXContainerItemProxy */ = {
			isa = PBXContainerItemProxy;
			containerPortal = CCBF69BF217EA7C4006C6AAE /* Project object */;
			proxyType = 1;
			remoteGlobalIDString = CCBF69C6217EA7C4006C6AAE;
			remoteInfo = "sticky-sessions-ios";
		};
		CCBF69E7217EA7C6006C6AAE /* PBXContainerItemProxy */ = {
			isa = PBXContainerItemProxy;
			containerPortal = CCBF69BF217EA7C4006C6AAE /* Project object */;
			proxyType = 1;
			remoteGlobalIDString = CCBF69C6217EA7C4006C6AAE;
			remoteInfo = "sticky-sessions-ios";
		};
/* End PBXContainerItemProxy section */

/* Begin PBXFileReference section */
		03D65AB75CB6BFA0E487B211 /* Pods-sticky-sessions-iosTests.debug.xcconfig */ = {isa = PBXFileReference; includeInIndex = 1; lastKnownFileType = text.xcconfig; name = "Pods-sticky-sessions-iosTests.debug.xcconfig"; path = "Pods/Target Support Files/Pods-sticky-sessions-iosTests/Pods-sticky-sessions-iosTests.debug.xcconfig"; sourceTree = "<group>"; };
		092451D75A10F3B9A04C117C /* Pods_sticky_sessions_ios.framework */ = {isa = PBXFileReference; explicitFileType = wrapper.framework; includeInIndex = 0; path = Pods_sticky_sessions_ios.framework; sourceTree = BUILT_PRODUCTS_DIR; };
		120441AEFB8208BC30C69CB5 /* Pods-sticky-sessions-ios.debug.xcconfig */ = {isa = PBXFileReference; includeInIndex = 1; lastKnownFileType = text.xcconfig; name = "Pods-sticky-sessions-ios.debug.xcconfig"; path = "Pods/Target Support Files/Pods-sticky-sessions-ios/Pods-sticky-sessions-ios.debug.xcconfig"; sourceTree = "<group>"; };
		240CC8F221AF20E4006D931C /* Main.storyboard */ = {isa = PBXFileReference; lastKnownFileType = file.storyboard; path = Main.storyboard; sourceTree = "<group>"; };
		240CC8F721AF2A99006D931C /* Router.swift */ = {isa = PBXFileReference; lastKnownFileType = sourcecode.swift; path = Router.swift; sourceTree = "<group>"; };
		240CC8F921AF2AEE006D931C /* RouterRepositoryProtocol.swift */ = {isa = PBXFileReference; lastKnownFileType = sourcecode.swift; path = RouterRepositoryProtocol.swift; sourceTree = "<group>"; };
		240CC8FB21AF2B9C006D931C /* Route.swift */ = {isa = PBXFileReference; lastKnownFileType = sourcecode.swift; path = Route.swift; sourceTree = "<group>"; };
		240CC8FD21AF2C3F006D931C /* RouterRepository.swift */ = {isa = PBXFileReference; lastKnownFileType = sourcecode.swift; path = RouterRepository.swift; sourceTree = "<group>"; };
		240CC8FF21AF2D47006D931C /* ViewStarter.swift */ = {isa = PBXFileReference; lastKnownFileType = sourcecode.swift; path = ViewStarter.swift; sourceTree = "<group>"; };
		240CC90221AF3104006D931C /* ViewStarterProtocol.swift */ = {isa = PBXFileReference; lastKnownFileType = sourcecode.swift; path = ViewStarterProtocol.swift; sourceTree = "<group>"; };
		2485373621B6FA1000B1A213 /* SessionCell.swift */ = {isa = PBXFileReference; lastKnownFileType = sourcecode.swift; path = SessionCell.swift; sourceTree = "<group>"; };
		2485373921B6FB3700B1A213 /* SessionViewModel.swift */ = {isa = PBXFileReference; lastKnownFileType = sourcecode.swift; path = SessionViewModel.swift; sourceTree = "<group>"; };
		2485373C21B6FBA500B1A213 /* Session.swift */ = {isa = PBXFileReference; lastKnownFileType = sourcecode.swift; path = Session.swift; sourceTree = "<group>"; };
		2488F0ED21B8372600E1BC69 /* RequestProtocol.swift */ = {isa = PBXFileReference; fileEncoding = 4; lastKnownFileType = sourcecode.swift; path = RequestProtocol.swift; sourceTree = "<group>"; };
		2488F0EF21B8386A00E1BC69 /* AlamofireRequest.swift */ = {isa = PBXFileReference; lastKnownFileType = sourcecode.swift; path = AlamofireRequest.swift; sourceTree = "<group>"; };
		5E93415B0382387E368A4675 /* Pods_sticky_sessions_iosUITests.framework */ = {isa = PBXFileReference; explicitFileType = wrapper.framework; includeInIndex = 0; path = Pods_sticky_sessions_iosUITests.framework; sourceTree = BUILT_PRODUCTS_DIR; };
		9041692A57EA8FC7AF095709 /* Pods_sticky_sessions_iosTests.framework */ = {isa = PBXFileReference; explicitFileType = wrapper.framework; includeInIndex = 0; path = Pods_sticky_sessions_iosTests.framework; sourceTree = BUILT_PRODUCTS_DIR; };
		B20CA49DC6BF82762E06244B /* Pods-sticky-sessions-iosUITests.release.xcconfig */ = {isa = PBXFileReference; includeInIndex = 1; lastKnownFileType = text.xcconfig; name = "Pods-sticky-sessions-iosUITests.release.xcconfig"; path = "Pods/Target Support Files/Pods-sticky-sessions-iosUITests/Pods-sticky-sessions-iosUITests.release.xcconfig"; sourceTree = "<group>"; };
		BE8CED9350A10465239F9D5C /* Pods-sticky-sessions-iosUITests.debug.xcconfig */ = {isa = PBXFileReference; includeInIndex = 1; lastKnownFileType = text.xcconfig; name = "Pods-sticky-sessions-iosUITests.debug.xcconfig"; path = "Pods/Target Support Files/Pods-sticky-sessions-iosUITests/Pods-sticky-sessions-iosUITests.debug.xcconfig"; sourceTree = "<group>"; };
		CA7310BEA20C136E47C18079 /* Pods-sticky-sessions-ios.release.xcconfig */ = {isa = PBXFileReference; includeInIndex = 1; lastKnownFileType = text.xcconfig; name = "Pods-sticky-sessions-ios.release.xcconfig"; path = "Pods/Target Support Files/Pods-sticky-sessions-ios/Pods-sticky-sessions-ios.release.xcconfig"; sourceTree = "<group>"; };
		CC24EC2F21AB2E5D00B7B8BC /* RouterProtocol.swift */ = {isa = PBXFileReference; lastKnownFileType = sourcecode.swift; path = RouterProtocol.swift; sourceTree = "<group>"; };
		CC24EC3821AB3A1800B7B8BC /* ListSessionsViewController.swift */ = {isa = PBXFileReference; lastKnownFileType = sourcecode.swift; path = ListSessionsViewController.swift; sourceTree = "<group>"; };
		CC24EC3A21AB3A5400B7B8BC /* ListSessions.storyboard */ = {isa = PBXFileReference; lastKnownFileType = file.storyboard; path = ListSessions.storyboard; sourceTree = "<group>"; };
		CCABD06F21AA258200740E3B /* Home.storyboard */ = {isa = PBXFileReference; lastKnownFileType = file.storyboard; path = Home.storyboard; sourceTree = "<group>"; };
		CCBF69C7217EA7C5006C6AAE /* sticky-sessions-ios.app */ = {isa = PBXFileReference; explicitFileType = wrapper.application; includeInIndex = 0; path = "sticky-sessions-ios.app"; sourceTree = BUILT_PRODUCTS_DIR; };
		CCBF69CA217EA7C5006C6AAE /* AppDelegate.swift */ = {isa = PBXFileReference; lastKnownFileType = sourcecode.swift; path = AppDelegate.swift; sourceTree = "<group>"; };
		CCBF69CC217EA7C5006C6AAE /* HomeViewController.swift */ = {isa = PBXFileReference; lastKnownFileType = sourcecode.swift; path = HomeViewController.swift; sourceTree = "<group>"; };
		CCBF69D1217EA7C6006C6AAE /* Assets.xcassets */ = {isa = PBXFileReference; lastKnownFileType = folder.assetcatalog; path = Assets.xcassets; sourceTree = "<group>"; };
		CCBF69D4217EA7C6006C6AAE /* Base */ = {isa = PBXFileReference; lastKnownFileType = file.storyboard; name = Base; path = Base.lproj/LaunchScreen.storyboard; sourceTree = "<group>"; };
		CCBF69D6217EA7C6006C6AAE /* Info.plist */ = {isa = PBXFileReference; lastKnownFileType = text.plist.xml; path = Info.plist; sourceTree = "<group>"; };
		CCBF69DB217EA7C6006C6AAE /* sticky-sessions-iosTests.xctest */ = {isa = PBXFileReference; explicitFileType = wrapper.cfbundle; includeInIndex = 0; path = "sticky-sessions-iosTests.xctest"; sourceTree = BUILT_PRODUCTS_DIR; };
		CCBF69DF217EA7C6006C6AAE /* sticky_sessions_iosTests.swift */ = {isa = PBXFileReference; lastKnownFileType = sourcecode.swift; path = sticky_sessions_iosTests.swift; sourceTree = "<group>"; };
		CCBF69E1217EA7C6006C6AAE /* Info.plist */ = {isa = PBXFileReference; lastKnownFileType = text.plist.xml; path = Info.plist; sourceTree = "<group>"; };
		CCBF69E6217EA7C6006C6AAE /* sticky-sessions-iosUITests.xctest */ = {isa = PBXFileReference; explicitFileType = wrapper.cfbundle; includeInIndex = 0; path = "sticky-sessions-iosUITests.xctest"; sourceTree = BUILT_PRODUCTS_DIR; };
		CCBF69EA217EA7C6006C6AAE /* sticky_sessions_iosUITests.swift */ = {isa = PBXFileReference; lastKnownFileType = sourcecode.swift; path = sticky_sessions_iosUITests.swift; sourceTree = "<group>"; };
		CCBF69EC217EA7C6006C6AAE /* Info.plist */ = {isa = PBXFileReference; lastKnownFileType = text.plist.xml; path = Info.plist; sourceTree = "<group>"; };
		CCCA6DAA219E18F20076AAFA /* SessionTypeViewModel.swift */ = {isa = PBXFileReference; lastKnownFileType = sourcecode.swift; path = SessionTypeViewModel.swift; sourceTree = "<group>"; };
		CCCA6DAC219E1ADD0076AAFA /* SessionType.swift */ = {isa = PBXFileReference; lastKnownFileType = sourcecode.swift; path = SessionType.swift; sourceTree = "<group>"; };
		CCE4BB99219F3B7900D8B500 /* SessionTypeCell.swift */ = {isa = PBXFileReference; lastKnownFileType = sourcecode.swift; path = SessionTypeCell.swift; sourceTree = "<group>"; };
		E9D6E1C418DAA7FCBBD45E88 /* Pods-sticky-sessions-iosTests.release.xcconfig */ = {isa = PBXFileReference; includeInIndex = 1; lastKnownFileType = text.xcconfig; name = "Pods-sticky-sessions-iosTests.release.xcconfig"; path = "Pods/Target Support Files/Pods-sticky-sessions-iosTests/Pods-sticky-sessions-iosTests.release.xcconfig"; sourceTree = "<group>"; };
/* End PBXFileReference section */

/* Begin PBXFrameworksBuildPhase section */
		CCBF69C4217EA7C4006C6AAE /* Frameworks */ = {
			isa = PBXFrameworksBuildPhase;
			buildActionMask = 2147483647;
			files = (
				9F760FA8D5F4CFEEA7925562 /* Pods_sticky_sessions_ios.framework in Frameworks */,
			);
			runOnlyForDeploymentPostprocessing = 0;
		};
		CCBF69D8217EA7C6006C6AAE /* Frameworks */ = {
			isa = PBXFrameworksBuildPhase;
			buildActionMask = 2147483647;
			files = (
				794B4436DE3FE06CF5C777C1 /* Pods_sticky_sessions_iosTests.framework in Frameworks */,
			);
			runOnlyForDeploymentPostprocessing = 0;
		};
		CCBF69E3217EA7C6006C6AAE /* Frameworks */ = {
			isa = PBXFrameworksBuildPhase;
			buildActionMask = 2147483647;
			files = (
				E96293A32506199C400B98BA /* Pods_sticky_sessions_iosUITests.framework in Frameworks */,
			);
			runOnlyForDeploymentPostprocessing = 0;
		};
/* End PBXFrameworksBuildPhase section */

/* Begin PBXGroup section */
		240CC8F421AF29D2006D931C /* navigation */ = {
			isa = PBXGroup;
			children = (
				240CC90121AF30F3006D931C /* viewstarter */,
				240CC8F521AF29DC006D931C /* repository */,
				CC24EC2E21AB2E4900B7B8BC /* router */,
			);
			path = navigation;
			sourceTree = "<group>";
		};
		240CC8F521AF29DC006D931C /* repository */ = {
			isa = PBXGroup;
			children = (
				240CC8F921AF2AEE006D931C /* RouterRepositoryProtocol.swift */,
				240CC8FD21AF2C3F006D931C /* RouterRepository.swift */,
			);
			path = repository;
			sourceTree = "<group>";
		};
		240CC90121AF30F3006D931C /* viewstarter */ = {
			isa = PBXGroup;
			children = (
				240CC90221AF3104006D931C /* ViewStarterProtocol.swift */,
				240CC8FF21AF2D47006D931C /* ViewStarter.swift */,
			);
			path = viewstarter;
			sourceTree = "<group>";
		};
		2485373521B6F9D700B1A213 /* SessionCell */ = {
			isa = PBXGroup;
			children = (
				2485373621B6FA1000B1A213 /* SessionCell.swift */,
			);
			path = SessionCell;
			sourceTree = "<group>";
		};
		2485373821B6FB2700B1A213 /* ViewModel */ = {
			isa = PBXGroup;
			children = (
				2485373921B6FB3700B1A213 /* SessionViewModel.swift */,
			);
			path = ViewModel;
			sourceTree = "<group>";
		};
		2485373B21B6FB9900B1A213 /* Model */ = {
			isa = PBXGroup;
			children = (
				2485373C21B6FBA500B1A213 /* Session.swift */,
			);
			path = Model;
			sourceTree = "<group>";
		};
		2488F0EC21B8372600E1BC69 /* requests */ = {
			isa = PBXGroup;
			children = (
				2488F0ED21B8372600E1BC69 /* RequestProtocol.swift */,
				2488F0EF21B8386A00E1BC69 /* AlamofireRequest.swift */,
			);
			path = requests;
			sourceTree = "<group>";
		};
		78E654E29A4087BB7EA9F35B /* Frameworks */ = {
			isa = PBXGroup;
			children = (
				092451D75A10F3B9A04C117C /* Pods_sticky_sessions_ios.framework */,
				9041692A57EA8FC7AF095709 /* Pods_sticky_sessions_iosTests.framework */,
				5E93415B0382387E368A4675 /* Pods_sticky_sessions_iosUITests.framework */,
			);
			name = Frameworks;
			sourceTree = "<group>";
		};
		BD06B1134C2DF4136B99450D /* Pods */ = {
			isa = PBXGroup;
			children = (
				120441AEFB8208BC30C69CB5 /* Pods-sticky-sessions-ios.debug.xcconfig */,
				CA7310BEA20C136E47C18079 /* Pods-sticky-sessions-ios.release.xcconfig */,
				03D65AB75CB6BFA0E487B211 /* Pods-sticky-sessions-iosTests.debug.xcconfig */,
				E9D6E1C418DAA7FCBBD45E88 /* Pods-sticky-sessions-iosTests.release.xcconfig */,
				BE8CED9350A10465239F9D5C /* Pods-sticky-sessions-iosUITests.debug.xcconfig */,
				B20CA49DC6BF82762E06244B /* Pods-sticky-sessions-iosUITests.release.xcconfig */,
			);
			name = Pods;
			sourceTree = "<group>";
		};
		CC108459219A391E00A9A0A6 /* storyboards */ = {
			isa = PBXGroup;
			children = (
				CCBF69D3217EA7C6006C6AAE /* LaunchScreen.storyboard */,
				CCABD06F21AA258200740E3B /* Home.storyboard */,
				CC24EC3A21AB3A5400B7B8BC /* ListSessions.storyboard */,
				240CC8F221AF20E4006D931C /* Main.storyboard */,
			);
			path = storyboards;
			sourceTree = "<group>";
		};
		CC24EC2E21AB2E4900B7B8BC /* router */ = {
			isa = PBXGroup;
			children = (
				CC24EC2F21AB2E5D00B7B8BC /* RouterProtocol.swift */,
				240CC8F721AF2A99006D931C /* Router.swift */,
				240CC8FB21AF2B9C006D931C /* Route.swift */,
			);
			path = router;
			sourceTree = "<group>";
		};
		CC24EC3421AB39D100B7B8BC /* listSessions */ = {
			isa = PBXGroup;
			children = (
				2485373B21B6FB9900B1A213 /* Model */,
				2485373821B6FB2700B1A213 /* ViewModel */,
				2485373521B6F9D700B1A213 /* SessionCell */,
				CC24EC3621AB39FB00B7B8BC /* View */,
			);
			path = listSessions;
			sourceTree = "<group>";
		};
		CC24EC3621AB39FB00B7B8BC /* View */ = {
			isa = PBXGroup;
			children = (
				CC24EC3821AB3A1800B7B8BC /* ListSessionsViewController.swift */,
			);
			path = View;
			sourceTree = "<group>";
		};
		CCBF69BE217EA7C4006C6AAE = {
			isa = PBXGroup;
			children = (
				CCBF69C9217EA7C5006C6AAE /* sticky-sessions-ios */,
				CCBF69DE217EA7C6006C6AAE /* sticky-sessions-iosTests */,
				CCBF69E9217EA7C6006C6AAE /* sticky-sessions-iosUITests */,
				CCBF69C8217EA7C5006C6AAE /* Products */,
				BD06B1134C2DF4136B99450D /* Pods */,
				78E654E29A4087BB7EA9F35B /* Frameworks */,
			);
			sourceTree = "<group>";
		};
		CCBF69C8217EA7C5006C6AAE /* Products */ = {
			isa = PBXGroup;
			children = (
				CCBF69C7217EA7C5006C6AAE /* sticky-sessions-ios.app */,
				CCBF69DB217EA7C6006C6AAE /* sticky-sessions-iosTests.xctest */,
				CCBF69E6217EA7C6006C6AAE /* sticky-sessions-iosUITests.xctest */,
			);
			name = Products;
			sourceTree = "<group>";
		};
		CCBF69C9217EA7C5006C6AAE /* sticky-sessions-ios */ = {
			isa = PBXGroup;
			children = (
				240CC8F421AF29D2006D931C /* navigation */,
				CC24EC3421AB39D100B7B8BC /* listSessions */,
				CCECE8CF219DDF8900916749 /* delegates */,
				CCECE8CE219DDF5E00916749 /* home */,
				2488F0EC21B8372600E1BC69 /* requests */,
				CC108459219A391E00A9A0A6 /* storyboards */,
				CCBF69D1217EA7C6006C6AAE /* Assets.xcassets */,
				CCBF69D6217EA7C6006C6AAE /* Info.plist */,
			);
			path = "sticky-sessions-ios";
			sourceTree = "<group>";
		};
		CCBF69DE217EA7C6006C6AAE /* sticky-sessions-iosTests */ = {
			isa = PBXGroup;
			children = (
				CCBF69DF217EA7C6006C6AAE /* sticky_sessions_iosTests.swift */,
				CCBF69E1217EA7C6006C6AAE /* Info.plist */,
			);
			path = "sticky-sessions-iosTests";
			sourceTree = "<group>";
		};
		CCBF69E9217EA7C6006C6AAE /* sticky-sessions-iosUITests */ = {
			isa = PBXGroup;
			children = (
				CCBF69EA217EA7C6006C6AAE /* sticky_sessions_iosUITests.swift */,
				CCBF69EC217EA7C6006C6AAE /* Info.plist */,
			);
			path = "sticky-sessions-iosUITests";
			sourceTree = "<group>";
		};
		CCCA6DA7219E17D30076AAFA /* Models */ = {
			isa = PBXGroup;
			children = (
				CCCA6DAC219E1ADD0076AAFA /* SessionType.swift */,
			);
			path = Models;
			sourceTree = "<group>";
		};
		CCCA6DA8219E17DB0076AAFA /* ViewModels */ = {
			isa = PBXGroup;
			children = (
				CCCA6DAA219E18F20076AAFA /* SessionTypeViewModel.swift */,
			);
			path = ViewModels;
			sourceTree = "<group>";
		};
		CCCA6DA9219E17EB0076AAFA /* Views */ = {
			isa = PBXGroup;
			children = (
				CCBF69CC217EA7C5006C6AAE /* HomeViewController.swift */,
			);
			path = Views;
			sourceTree = "<group>";
		};
		CCE4BB95219F3B4600D8B500 /* SessionTypeCell */ = {
			isa = PBXGroup;
			children = (
				CCE4BB99219F3B7900D8B500 /* SessionTypeCell.swift */,
			);
			path = SessionTypeCell;
			sourceTree = "<group>";
		};
		CCECE8CE219DDF5E00916749 /* home */ = {
			isa = PBXGroup;
			children = (
				CCE4BB95219F3B4600D8B500 /* SessionTypeCell */,
				CCCA6DA9219E17EB0076AAFA /* Views */,
				CCCA6DA8219E17DB0076AAFA /* ViewModels */,
				CCCA6DA7219E17D30076AAFA /* Models */,
			);
			path = home;
			sourceTree = "<group>";
		};
		CCECE8CF219DDF8900916749 /* delegates */ = {
			isa = PBXGroup;
			children = (
				CCBF69CA217EA7C5006C6AAE /* AppDelegate.swift */,
			);
			path = delegates;
			sourceTree = "<group>";
		};
/* End PBXGroup section */

/* Begin PBXNativeTarget section */
		CCBF69C6217EA7C4006C6AAE /* sticky-sessions-ios */ = {
			isa = PBXNativeTarget;
			buildConfigurationList = CCBF69EF217EA7C6006C6AAE /* Build configuration list for PBXNativeTarget "sticky-sessions-ios" */;
			buildPhases = (
				9B8A03910E3A9CDE39876B5E /* [CP] Check Pods Manifest.lock */,
				CCBF69C3217EA7C4006C6AAE /* Sources */,
				CCBF69C4217EA7C4006C6AAE /* Frameworks */,
				CCBF69C5217EA7C4006C6AAE /* Resources */,
				711A3DBEA8864C6FF4A7C267 /* [CP] Embed Pods Frameworks */,
			);
			buildRules = (
			);
			dependencies = (
			);
			name = "sticky-sessions-ios";
			productName = "sticky-sessions-ios";
			productReference = CCBF69C7217EA7C5006C6AAE /* sticky-sessions-ios.app */;
			productType = "com.apple.product-type.application";
		};
		CCBF69DA217EA7C6006C6AAE /* sticky-sessions-iosTests */ = {
			isa = PBXNativeTarget;
			buildConfigurationList = CCBF69F2217EA7C6006C6AAE /* Build configuration list for PBXNativeTarget "sticky-sessions-iosTests" */;
			buildPhases = (
				166B6E7A13FA3FAF54242B2C /* [CP] Check Pods Manifest.lock */,
				CCBF69D7217EA7C6006C6AAE /* Sources */,
				CCBF69D8217EA7C6006C6AAE /* Frameworks */,
				CCBF69D9217EA7C6006C6AAE /* Resources */,
			);
			buildRules = (
			);
			dependencies = (
				CCBF69DD217EA7C6006C6AAE /* PBXTargetDependency */,
			);
			name = "sticky-sessions-iosTests";
			productName = "sticky-sessions-iosTests";
			productReference = CCBF69DB217EA7C6006C6AAE /* sticky-sessions-iosTests.xctest */;
			productType = "com.apple.product-type.bundle.unit-test";
		};
		CCBF69E5217EA7C6006C6AAE /* sticky-sessions-iosUITests */ = {
			isa = PBXNativeTarget;
			buildConfigurationList = CCBF69F5217EA7C6006C6AAE /* Build configuration list for PBXNativeTarget "sticky-sessions-iosUITests" */;
			buildPhases = (
				A979610185707C1AB0C2CAFF /* [CP] Check Pods Manifest.lock */,
				CCBF69E2217EA7C6006C6AAE /* Sources */,
				CCBF69E3217EA7C6006C6AAE /* Frameworks */,
				CCBF69E4217EA7C6006C6AAE /* Resources */,
			);
			buildRules = (
			);
			dependencies = (
				CCBF69E8217EA7C6006C6AAE /* PBXTargetDependency */,
			);
			name = "sticky-sessions-iosUITests";
			productName = "sticky-sessions-iosUITests";
			productReference = CCBF69E6217EA7C6006C6AAE /* sticky-sessions-iosUITests.xctest */;
			productType = "com.apple.product-type.bundle.ui-testing";
		};
/* End PBXNativeTarget section */

/* Begin PBXProject section */
		CCBF69BF217EA7C4006C6AAE /* Project object */ = {
			isa = PBXProject;
			attributes = {
				LastSwiftUpdateCheck = 1000;
				LastUpgradeCheck = 1000;
				ORGANIZATIONNAME = DiscordTime;
				TargetAttributes = {
					CCBF69C6217EA7C4006C6AAE = {
						CreatedOnToolsVersion = 10.0;
					};
					CCBF69DA217EA7C6006C6AAE = {
						CreatedOnToolsVersion = 10.0;
						TestTargetID = CCBF69C6217EA7C4006C6AAE;
					};
					CCBF69E5217EA7C6006C6AAE = {
						CreatedOnToolsVersion = 10.0;
						TestTargetID = CCBF69C6217EA7C4006C6AAE;
					};
				};
			};
			buildConfigurationList = CCBF69C2217EA7C4006C6AAE /* Build configuration list for PBXProject "sticky-sessions-ios" */;
			compatibilityVersion = "Xcode 9.3";
			developmentRegion = en;
			hasScannedForEncodings = 0;
			knownRegions = (
				en,
				Base,
			);
			mainGroup = CCBF69BE217EA7C4006C6AAE;
			productRefGroup = CCBF69C8217EA7C5006C6AAE /* Products */;
			projectDirPath = "";
			projectRoot = "";
			targets = (
				CCBF69C6217EA7C4006C6AAE /* sticky-sessions-ios */,
				CCBF69DA217EA7C6006C6AAE /* sticky-sessions-iosTests */,
				CCBF69E5217EA7C6006C6AAE /* sticky-sessions-iosUITests */,
			);
		};
/* End PBXProject section */

/* Begin PBXResourcesBuildPhase section */
		CCBF69C5217EA7C4006C6AAE /* Resources */ = {
			isa = PBXResourcesBuildPhase;
			buildActionMask = 2147483647;
			files = (
				CC24EC3B21AB3A5400B7B8BC /* ListSessions.storyboard in Resources */,
				CCABD07021AA258200740E3B /* Home.storyboard in Resources */,
				CCBF69D5217EA7C6006C6AAE /* LaunchScreen.storyboard in Resources */,
				240CC8F321AF20E4006D931C /* Main.storyboard in Resources */,
				CCBF69D2217EA7C6006C6AAE /* Assets.xcassets in Resources */,
			);
			runOnlyForDeploymentPostprocessing = 0;
		};
		CCBF69D9217EA7C6006C6AAE /* Resources */ = {
			isa = PBXResourcesBuildPhase;
			buildActionMask = 2147483647;
			files = (
			);
			runOnlyForDeploymentPostprocessing = 0;
		};
		CCBF69E4217EA7C6006C6AAE /* Resources */ = {
			isa = PBXResourcesBuildPhase;
			buildActionMask = 2147483647;
			files = (
			);
			runOnlyForDeploymentPostprocessing = 0;
		};
/* End PBXResourcesBuildPhase section */

/* Begin PBXShellScriptBuildPhase section */
		166B6E7A13FA3FAF54242B2C /* [CP] Check Pods Manifest.lock */ = {
			isa = PBXShellScriptBuildPhase;
			buildActionMask = 2147483647;
			files = (
			);
			inputFileListPaths = (
			);
			inputPaths = (
				"${PODS_PODFILE_DIR_PATH}/Podfile.lock",
				"${PODS_ROOT}/Manifest.lock",
			);
			name = "[CP] Check Pods Manifest.lock";
			outputFileListPaths = (
			);
			outputPaths = (
				"$(DERIVED_FILE_DIR)/Pods-sticky-sessions-iosTests-checkManifestLockResult.txt",
			);
			runOnlyForDeploymentPostprocessing = 0;
			shellPath = /bin/sh;
			shellScript = "diff \"${PODS_PODFILE_DIR_PATH}/Podfile.lock\" \"${PODS_ROOT}/Manifest.lock\" > /dev/null\nif [ $? != 0 ] ; then\n    # print error to STDERR\n    echo \"error: The sandbox is not in sync with the Podfile.lock. Run 'pod install' or update your CocoaPods installation.\" >&2\n    exit 1\nfi\n# This output is used by Xcode 'outputs' to avoid re-running this script phase.\necho \"SUCCESS\" > \"${SCRIPT_OUTPUT_FILE_0}\"\n";
			showEnvVarsInLog = 0;
		};
		711A3DBEA8864C6FF4A7C267 /* [CP] Embed Pods Frameworks */ = {
			isa = PBXShellScriptBuildPhase;
			buildActionMask = 2147483647;
			files = (
			);
			inputFileListPaths = (
			);
			inputPaths = (
				"${SRCROOT}/Pods/Target Support Files/Pods-sticky-sessions-ios/Pods-sticky-sessions-ios-frameworks.sh",
				"${BUILT_PRODUCTS_DIR}/Alamofire/Alamofire.framework",
			);
			name = "[CP] Embed Pods Frameworks";
			outputFileListPaths = (
			);
			outputPaths = (
				"${TARGET_BUILD_DIR}/${FRAMEWORKS_FOLDER_PATH}/Alamofire.framework",
			);
			runOnlyForDeploymentPostprocessing = 0;
			shellPath = /bin/sh;
			shellScript = "\"${SRCROOT}/Pods/Target Support Files/Pods-sticky-sessions-ios/Pods-sticky-sessions-ios-frameworks.sh\"\n";
			showEnvVarsInLog = 0;
		};
		9B8A03910E3A9CDE39876B5E /* [CP] Check Pods Manifest.lock */ = {
			isa = PBXShellScriptBuildPhase;
			buildActionMask = 2147483647;
			files = (
			);
			inputFileListPaths = (
			);
			inputPaths = (
				"${PODS_PODFILE_DIR_PATH}/Podfile.lock",
				"${PODS_ROOT}/Manifest.lock",
			);
			name = "[CP] Check Pods Manifest.lock";
			outputFileListPaths = (
			);
			outputPaths = (
				"$(DERIVED_FILE_DIR)/Pods-sticky-sessions-ios-checkManifestLockResult.txt",
			);
			runOnlyForDeploymentPostprocessing = 0;
			shellPath = /bin/sh;
			shellScript = "diff \"${PODS_PODFILE_DIR_PATH}/Podfile.lock\" \"${PODS_ROOT}/Manifest.lock\" > /dev/null\nif [ $? != 0 ] ; then\n    # print error to STDERR\n    echo \"error: The sandbox is not in sync with the Podfile.lock. Run 'pod install' or update your CocoaPods installation.\" >&2\n    exit 1\nfi\n# This output is used by Xcode 'outputs' to avoid re-running this script phase.\necho \"SUCCESS\" > \"${SCRIPT_OUTPUT_FILE_0}\"\n";
			showEnvVarsInLog = 0;
		};
		A979610185707C1AB0C2CAFF /* [CP] Check Pods Manifest.lock */ = {
			isa = PBXShellScriptBuildPhase;
			buildActionMask = 2147483647;
			files = (
			);
			inputFileListPaths = (
			);
			inputPaths = (
				"${PODS_PODFILE_DIR_PATH}/Podfile.lock",
				"${PODS_ROOT}/Manifest.lock",
			);
			name = "[CP] Check Pods Manifest.lock";
			outputFileListPaths = (
			);
			outputPaths = (
				"$(DERIVED_FILE_DIR)/Pods-sticky-sessions-iosUITests-checkManifestLockResult.txt",
			);
			runOnlyForDeploymentPostprocessing = 0;
			shellPath = /bin/sh;
			shellScript = "diff \"${PODS_PODFILE_DIR_PATH}/Podfile.lock\" \"${PODS_ROOT}/Manifest.lock\" > /dev/null\nif [ $? != 0 ] ; then\n    # print error to STDERR\n    echo \"error: The sandbox is not in sync with the Podfile.lock. Run 'pod install' or update your CocoaPods installation.\" >&2\n    exit 1\nfi\n# This output is used by Xcode 'outputs' to avoid re-running this script phase.\necho \"SUCCESS\" > \"${SCRIPT_OUTPUT_FILE_0}\"\n";
			showEnvVarsInLog = 0;
		};
/* End PBXShellScriptBuildPhase section */

/* Begin PBXSourcesBuildPhase section */
		CCBF69C3217EA7C4006C6AAE /* Sources */ = {
			isa = PBXSourcesBuildPhase;
			buildActionMask = 2147483647;
			files = (
				240CC90021AF2D47006D931C /* ViewStarter.swift in Sources */,
				2485373A21B6FB3700B1A213 /* SessionViewModel.swift in Sources */,
				240CC8F821AF2A99006D931C /* Router.swift in Sources */,
				CCE4BB9A219F3B7900D8B500 /* SessionTypeCell.swift in Sources */,
				CCBF69CD217EA7C5006C6AAE /* HomeViewController.swift in Sources */,
				240CC8FC21AF2B9C006D931C /* Route.swift in Sources */,
				CC24EC3921AB3A1800B7B8BC /* ListSessionsViewController.swift in Sources */,
				2485373721B6FA1000B1A213 /* SessionCell.swift in Sources */,
				240CC8FE21AF2C3F006D931C /* RouterRepository.swift in Sources */,
				240CC8FA21AF2AEE006D931C /* RouterRepositoryProtocol.swift in Sources */,
				CCCA6DAB219E18F20076AAFA /* SessionTypeViewModel.swift in Sources */,
				CCCA6DAD219E1ADD0076AAFA /* SessionType.swift in Sources */,
				2488F0F021B8386A00E1BC69 /* AlamofireRequest.swift in Sources */,
				2485373D21B6FBA500B1A213 /* Session.swift in Sources */,
				CC24EC3021AB2E5D00B7B8BC /* RouterProtocol.swift in Sources */,
				240CC90321AF3104006D931C /* ViewStarterProtocol.swift in Sources */,
				2488F0EE21B8372700E1BC69 /* RequestProtocol.swift in Sources */,
				CCBF69CB217EA7C5006C6AAE /* AppDelegate.swift in Sources */,
			);
			runOnlyForDeploymentPostprocessing = 0;
		};
		CCBF69D7217EA7C6006C6AAE /* Sources */ = {
			isa = PBXSourcesBuildPhase;
			buildActionMask = 2147483647;
			files = (
				CCBF69E0217EA7C6006C6AAE /* sticky_sessions_iosTests.swift in Sources */,
			);
			runOnlyForDeploymentPostprocessing = 0;
		};
		CCBF69E2217EA7C6006C6AAE /* Sources */ = {
			isa = PBXSourcesBuildPhase;
			buildActionMask = 2147483647;
			files = (
				CCBF69EB217EA7C6006C6AAE /* sticky_sessions_iosUITests.swift in Sources */,
			);
			runOnlyForDeploymentPostprocessing = 0;
		};
/* End PBXSourcesBuildPhase section */

/* Begin PBXTargetDependency section */
		CCBF69DD217EA7C6006C6AAE /* PBXTargetDependency */ = {
			isa = PBXTargetDependency;
			target = CCBF69C6217EA7C4006C6AAE /* sticky-sessions-ios */;
			targetProxy = CCBF69DC217EA7C6006C6AAE /* PBXContainerItemProxy */;
		};
		CCBF69E8217EA7C6006C6AAE /* PBXTargetDependency */ = {
			isa = PBXTargetDependency;
			target = CCBF69C6217EA7C4006C6AAE /* sticky-sessions-ios */;
			targetProxy = CCBF69E7217EA7C6006C6AAE /* PBXContainerItemProxy */;
		};
/* End PBXTargetDependency section */

/* Begin PBXVariantGroup section */
		CCBF69D3217EA7C6006C6AAE /* LaunchScreen.storyboard */ = {
			isa = PBXVariantGroup;
			children = (
				CCBF69D4217EA7C6006C6AAE /* Base */,
			);
			name = LaunchScreen.storyboard;
			sourceTree = "<group>";
		};
/* End PBXVariantGroup section */

/* Begin XCBuildConfiguration section */
		CCBF69ED217EA7C6006C6AAE /* Debug */ = {
			isa = XCBuildConfiguration;
			buildSettings = {
				ALWAYS_SEARCH_USER_PATHS = NO;
				CLANG_ANALYZER_NONNULL = YES;
				CLANG_ANALYZER_NUMBER_OBJECT_CONVERSION = YES_AGGRESSIVE;
				CLANG_CXX_LANGUAGE_STANDARD = "gnu++14";
				CLANG_CXX_LIBRARY = "libc++";
				CLANG_ENABLE_MODULES = YES;
				CLANG_ENABLE_OBJC_ARC = YES;
				CLANG_ENABLE_OBJC_WEAK = YES;
				CLANG_WARN_BLOCK_CAPTURE_AUTORELEASING = YES;
				CLANG_WARN_BOOL_CONVERSION = YES;
				CLANG_WARN_COMMA = YES;
				CLANG_WARN_CONSTANT_CONVERSION = YES;
				CLANG_WARN_DEPRECATED_OBJC_IMPLEMENTATIONS = YES;
				CLANG_WARN_DIRECT_OBJC_ISA_USAGE = YES_ERROR;
				CLANG_WARN_DOCUMENTATION_COMMENTS = YES;
				CLANG_WARN_EMPTY_BODY = YES;
				CLANG_WARN_ENUM_CONVERSION = YES;
				CLANG_WARN_INFINITE_RECURSION = YES;
				CLANG_WARN_INT_CONVERSION = YES;
				CLANG_WARN_NON_LITERAL_NULL_CONVERSION = YES;
				CLANG_WARN_OBJC_IMPLICIT_RETAIN_SELF = YES;
				CLANG_WARN_OBJC_LITERAL_CONVERSION = YES;
				CLANG_WARN_OBJC_ROOT_CLASS = YES_ERROR;
				CLANG_WARN_RANGE_LOOP_ANALYSIS = YES;
				CLANG_WARN_STRICT_PROTOTYPES = YES;
				CLANG_WARN_SUSPICIOUS_MOVE = YES;
				CLANG_WARN_UNGUARDED_AVAILABILITY = YES_AGGRESSIVE;
				CLANG_WARN_UNREACHABLE_CODE = YES;
				CLANG_WARN__DUPLICATE_METHOD_MATCH = YES;
				CODE_SIGN_IDENTITY = "iPhone Developer";
				COPY_PHASE_STRIP = NO;
				DEBUG_INFORMATION_FORMAT = dwarf;
				ENABLE_STRICT_OBJC_MSGSEND = YES;
				ENABLE_TESTABILITY = YES;
				GCC_C_LANGUAGE_STANDARD = gnu11;
				GCC_DYNAMIC_NO_PIC = NO;
				GCC_NO_COMMON_BLOCKS = YES;
				GCC_OPTIMIZATION_LEVEL = 0;
				GCC_PREPROCESSOR_DEFINITIONS = (
					"DEBUG=1",
					"$(inherited)",
				);
				GCC_WARN_64_TO_32_BIT_CONVERSION = YES;
				GCC_WARN_ABOUT_RETURN_TYPE = YES_ERROR;
				GCC_WARN_UNDECLARED_SELECTOR = YES;
				GCC_WARN_UNINITIALIZED_AUTOS = YES_AGGRESSIVE;
				GCC_WARN_UNUSED_FUNCTION = YES;
				GCC_WARN_UNUSED_VARIABLE = YES;
				IPHONEOS_DEPLOYMENT_TARGET = 12.0;
				MTL_ENABLE_DEBUG_INFO = INCLUDE_SOURCE;
				MTL_FAST_MATH = YES;
				ONLY_ACTIVE_ARCH = YES;
				SDKROOT = iphoneos;
				SWIFT_ACTIVE_COMPILATION_CONDITIONS = DEBUG;
				SWIFT_OPTIMIZATION_LEVEL = "-Onone";
			};
			name = Debug;
		};
		CCBF69EE217EA7C6006C6AAE /* Release */ = {
			isa = XCBuildConfiguration;
			buildSettings = {
				ALWAYS_SEARCH_USER_PATHS = NO;
				CLANG_ANALYZER_NONNULL = YES;
				CLANG_ANALYZER_NUMBER_OBJECT_CONVERSION = YES_AGGRESSIVE;
				CLANG_CXX_LANGUAGE_STANDARD = "gnu++14";
				CLANG_CXX_LIBRARY = "libc++";
				CLANG_ENABLE_MODULES = YES;
				CLANG_ENABLE_OBJC_ARC = YES;
				CLANG_ENABLE_OBJC_WEAK = YES;
				CLANG_WARN_BLOCK_CAPTURE_AUTORELEASING = YES;
				CLANG_WARN_BOOL_CONVERSION = YES;
				CLANG_WARN_COMMA = YES;
				CLANG_WARN_CONSTANT_CONVERSION = YES;
				CLANG_WARN_DEPRECATED_OBJC_IMPLEMENTATIONS = YES;
				CLANG_WARN_DIRECT_OBJC_ISA_USAGE = YES_ERROR;
				CLANG_WARN_DOCUMENTATION_COMMENTS = YES;
				CLANG_WARN_EMPTY_BODY = YES;
				CLANG_WARN_ENUM_CONVERSION = YES;
				CLANG_WARN_INFINITE_RECURSION = YES;
				CLANG_WARN_INT_CONVERSION = YES;
				CLANG_WARN_NON_LITERAL_NULL_CONVERSION = YES;
				CLANG_WARN_OBJC_IMPLICIT_RETAIN_SELF = YES;
				CLANG_WARN_OBJC_LITERAL_CONVERSION = YES;
				CLANG_WARN_OBJC_ROOT_CLASS = YES_ERROR;
				CLANG_WARN_RANGE_LOOP_ANALYSIS = YES;
				CLANG_WARN_STRICT_PROTOTYPES = YES;
				CLANG_WARN_SUSPICIOUS_MOVE = YES;
				CLANG_WARN_UNGUARDED_AVAILABILITY = YES_AGGRESSIVE;
				CLANG_WARN_UNREACHABLE_CODE = YES;
				CLANG_WARN__DUPLICATE_METHOD_MATCH = YES;
				CODE_SIGN_IDENTITY = "iPhone Developer";
				COPY_PHASE_STRIP = NO;
				DEBUG_INFORMATION_FORMAT = "dwarf-with-dsym";
				ENABLE_NS_ASSERTIONS = NO;
				ENABLE_STRICT_OBJC_MSGSEND = YES;
				GCC_C_LANGUAGE_STANDARD = gnu11;
				GCC_NO_COMMON_BLOCKS = YES;
				GCC_WARN_64_TO_32_BIT_CONVERSION = YES;
				GCC_WARN_ABOUT_RETURN_TYPE = YES_ERROR;
				GCC_WARN_UNDECLARED_SELECTOR = YES;
				GCC_WARN_UNINITIALIZED_AUTOS = YES_AGGRESSIVE;
				GCC_WARN_UNUSED_FUNCTION = YES;
				GCC_WARN_UNUSED_VARIABLE = YES;
				IPHONEOS_DEPLOYMENT_TARGET = 12.0;
				MTL_ENABLE_DEBUG_INFO = NO;
				MTL_FAST_MATH = YES;
				SDKROOT = iphoneos;
				SWIFT_COMPILATION_MODE = wholemodule;
				SWIFT_OPTIMIZATION_LEVEL = "-O";
				VALIDATE_PRODUCT = YES;
			};
			name = Release;
		};
		CCBF69F0217EA7C6006C6AAE /* Debug */ = {
			isa = XCBuildConfiguration;
			baseConfigurationReference = 120441AEFB8208BC30C69CB5 /* Pods-sticky-sessions-ios.debug.xcconfig */;
			buildSettings = {
				ASSETCATALOG_COMPILER_APPICON_NAME = AppIcon;
				CODE_SIGN_STYLE = Automatic;
				INFOPLIST_FILE = "sticky-sessions-ios/Info.plist";
				LD_RUNPATH_SEARCH_PATHS = (
					"$(inherited)",
					"@executable_path/Frameworks",
				);
				PRODUCT_BUNDLE_IDENTIFIER = "com.discordtime.sticky-sessions-ios";
				PRODUCT_NAME = "$(TARGET_NAME)";
				SWIFT_VERSION = 4.2;
				TARGETED_DEVICE_FAMILY = "1,2";
			};
			name = Debug;
		};
		CCBF69F1217EA7C6006C6AAE /* Release */ = {
			isa = XCBuildConfiguration;
			baseConfigurationReference = CA7310BEA20C136E47C18079 /* Pods-sticky-sessions-ios.release.xcconfig */;
			buildSettings = {
				ASSETCATALOG_COMPILER_APPICON_NAME = AppIcon;
				CODE_SIGN_STYLE = Automatic;
				INFOPLIST_FILE = "sticky-sessions-ios/Info.plist";
				LD_RUNPATH_SEARCH_PATHS = (
					"$(inherited)",
					"@executable_path/Frameworks",
				);
				PRODUCT_BUNDLE_IDENTIFIER = "com.discordtime.sticky-sessions-ios";
				PRODUCT_NAME = "$(TARGET_NAME)";
				SWIFT_VERSION = 4.2;
				TARGETED_DEVICE_FAMILY = "1,2";
			};
			name = Release;
		};
		CCBF69F3217EA7C6006C6AAE /* Debug */ = {
			isa = XCBuildConfiguration;
			baseConfigurationReference = 03D65AB75CB6BFA0E487B211 /* Pods-sticky-sessions-iosTests.debug.xcconfig */;
			buildSettings = {
				ALWAYS_EMBED_SWIFT_STANDARD_LIBRARIES = YES;
				BUNDLE_LOADER = "$(TEST_HOST)";
				CODE_SIGN_STYLE = Automatic;
				INFOPLIST_FILE = "sticky-sessions-iosTests/Info.plist";
				LD_RUNPATH_SEARCH_PATHS = (
					"$(inherited)",
					"@executable_path/Frameworks",
					"@loader_path/Frameworks",
				);
				PRODUCT_BUNDLE_IDENTIFIER = "com.discordtime.sticky-sessions-iosTests";
				PRODUCT_NAME = "$(TARGET_NAME)";
				SWIFT_VERSION = 4.2;
				TARGETED_DEVICE_FAMILY = "1,2";
				TEST_HOST = "$(BUILT_PRODUCTS_DIR)/sticky-sessions-ios.app/sticky-sessions-ios";
			};
			name = Debug;
		};
		CCBF69F4217EA7C6006C6AAE /* Release */ = {
			isa = XCBuildConfiguration;
			baseConfigurationReference = E9D6E1C418DAA7FCBBD45E88 /* Pods-sticky-sessions-iosTests.release.xcconfig */;
			buildSettings = {
				ALWAYS_EMBED_SWIFT_STANDARD_LIBRARIES = YES;
				BUNDLE_LOADER = "$(TEST_HOST)";
				CODE_SIGN_STYLE = Automatic;
				INFOPLIST_FILE = "sticky-sessions-iosTests/Info.plist";
				LD_RUNPATH_SEARCH_PATHS = (
					"$(inherited)",
					"@executable_path/Frameworks",
					"@loader_path/Frameworks",
				);
				PRODUCT_BUNDLE_IDENTIFIER = "com.discordtime.sticky-sessions-iosTests";
				PRODUCT_NAME = "$(TARGET_NAME)";
				SWIFT_VERSION = 4.2;
				TARGETED_DEVICE_FAMILY = "1,2";
				TEST_HOST = "$(BUILT_PRODUCTS_DIR)/sticky-sessions-ios.app/sticky-sessions-ios";
			};
			name = Release;
		};
		CCBF69F6217EA7C6006C6AAE /* Debug */ = {
			isa = XCBuildConfiguration;
			baseConfigurationReference = BE8CED9350A10465239F9D5C /* Pods-sticky-sessions-iosUITests.debug.xcconfig */;
			buildSettings = {
				ALWAYS_EMBED_SWIFT_STANDARD_LIBRARIES = YES;
				CODE_SIGN_STYLE = Automatic;
				INFOPLIST_FILE = "sticky-sessions-iosUITests/Info.plist";
				LD_RUNPATH_SEARCH_PATHS = (
					"$(inherited)",
					"@executable_path/Frameworks",
					"@loader_path/Frameworks",
				);
				PRODUCT_BUNDLE_IDENTIFIER = "com.discordtime.sticky-sessions-iosUITests";
				PRODUCT_NAME = "$(TARGET_NAME)";
				SWIFT_VERSION = 4.2;
				TARGETED_DEVICE_FAMILY = "1,2";
				TEST_TARGET_NAME = "sticky-sessions-ios";
			};
			name = Debug;
		};
		CCBF69F7217EA7C6006C6AAE /* Release */ = {
			isa = XCBuildConfiguration;
			baseConfigurationReference = B20CA49DC6BF82762E06244B /* Pods-sticky-sessions-iosUITests.release.xcconfig */;
			buildSettings = {
				ALWAYS_EMBED_SWIFT_STANDARD_LIBRARIES = YES;
				CODE_SIGN_STYLE = Automatic;
				INFOPLIST_FILE = "sticky-sessions-iosUITests/Info.plist";
				LD_RUNPATH_SEARCH_PATHS = (
					"$(inherited)",
					"@executable_path/Frameworks",
					"@loader_path/Frameworks",
				);
				PRODUCT_BUNDLE_IDENTIFIER = "com.discordtime.sticky-sessions-iosUITests";
				PRODUCT_NAME = "$(TARGET_NAME)";
				SWIFT_VERSION = 4.2;
				TARGETED_DEVICE_FAMILY = "1,2";
				TEST_TARGET_NAME = "sticky-sessions-ios";
			};
			name = Release;
		};
/* End XCBuildConfiguration section */

/* Begin XCConfigurationList section */
		CCBF69C2217EA7C4006C6AAE /* Build configuration list for PBXProject "sticky-sessions-ios" */ = {
			isa = XCConfigurationList;
			buildConfigurations = (
				CCBF69ED217EA7C6006C6AAE /* Debug */,
				CCBF69EE217EA7C6006C6AAE /* Release */,
			);
			defaultConfigurationIsVisible = 0;
			defaultConfigurationName = Release;
		};
		CCBF69EF217EA7C6006C6AAE /* Build configuration list for PBXNativeTarget "sticky-sessions-ios" */ = {
			isa = XCConfigurationList;
			buildConfigurations = (
				CCBF69F0217EA7C6006C6AAE /* Debug */,
				CCBF69F1217EA7C6006C6AAE /* Release */,
			);
			defaultConfigurationIsVisible = 0;
			defaultConfigurationName = Release;
		};
		CCBF69F2217EA7C6006C6AAE /* Build configuration list for PBXNativeTarget "sticky-sessions-iosTests" */ = {
			isa = XCConfigurationList;
			buildConfigurations = (
				CCBF69F3217EA7C6006C6AAE /* Debug */,
				CCBF69F4217EA7C6006C6AAE /* Release */,
			);
			defaultConfigurationIsVisible = 0;
			defaultConfigurationName = Release;
		};
		CCBF69F5217EA7C6006C6AAE /* Build configuration list for PBXNativeTarget "sticky-sessions-iosUITests" */ = {
			isa = XCConfigurationList;
			buildConfigurations = (
				CCBF69F6217EA7C6006C6AAE /* Debug */,
				CCBF69F7217EA7C6006C6AAE /* Release */,
			);
			defaultConfigurationIsVisible = 0;
			defaultConfigurationName = Release;
		};
/* End XCConfigurationList section */
	};
	rootObject = CCBF69BF217EA7C4006C6AAE /* Project object */;
}
